
Microsoft Visual Studio Solution File, Format Version 12.00
# Visual Studio Version 16
VisualStudioVersion = 16.0.29409.12
MinimumVisualStudioVersion = 10.0.40219.1
Project("{FAE04EC0-301F-11D3-BF4B-00C04F79EFBC}") = "TrendLogOpg", "TrendLogOpg\TrendLogOpg.csproj", "{21A82547-8A1A-4A77-9A5A-257634E239AA}"
EndProject
Global
	GlobalSection(SolutionConfigurationPlatforms) = preSolution
		Debug|Any CPU = Debug|Any CPU
		Release|Any CPU = Release|Any CPU
	EndGlobalSection
	GlobalSection(ProjectConfigurationPlatforms) = postSolution
		{21A82547-8A1A-4A77-9A5A-257634E239AA}.Debug|Any CPU.ActiveCfg = Debug|Any CPU
		{21A82547-8A1A-4A77-9A5A-257634E239AA}.Debug|Any CPU.Build.0 = Debug|Any CPU
		{21A82547-8A1A-4A77-9A5A-257634E239AA}.Release|Any CPU.ActiveCfg = Release|Any CPU
		{21A82547-8A1A-4A77-9A5A-257634E239AA}.Release|Any CPU.Build.0 = Release|Any CPU
	EndGlobalSection
	GlobalSection(SolutionProperties) = preSolution
		HideSolutionNode = FALSE
	EndGlobalSection
	GlobalSection(ExtensibilityGlobals) = postSolution
		SolutionGuid = {2E1A6AED-7FB1-4BD1-AC1C-51C21020D4BC}
	EndGlobalSection
EndGlobal
